<?xml version="1.0" encoding="utf-8"?>
<Project ToolsVersion="4.0" xmlns="http://schemas.microsoft.com/developer/msbuild/2003">
  <ItemGroup>
    <Filter Include="Archivos de origen">
      <UniqueIdentifier>{4FC737F1-C7A5-4376-A066-2A32D752A2FF}</UniqueIdentifier>
      <Extensions>cpp;c;cc;cxx;c++;cppm;ixx;def;odl;idl;hpj;bat;asm;asmx</Extensions>
    </Filter>
    <Filter Include="Archivos de encabezado">
      <UniqueIdentifier>{93995380-89BD-4b04-88EB-625FBE52EBFB}</UniqueIdentifier>
      <Extensions>h;hh;hpp;hxx;h++;hm;inl;inc;ipp;xsd</Extensions>
    </Filter>
    <Filter Include="Archivos de recursos">
      <UniqueIdentifier>{67DA6AB6-F800-4c08-8B7A-83BB121AAD01}</UniqueIdentifier>
      <Extensions>rc;ico;cur;bmp;dlg;rc2;rct;bin;rgs;gif;jpg;jpeg;jpe;resx;tiff;tif;png;wav;mfcribbon-ms</Extensions>
    </Filter>
    <Filter Include="Main">
      <UniqueIdentifier>{6de64dff-3321-4a85-9fe1-ca310f30e68f}</UniqueIdentifier>
    </Filter>
    <Filter Include="EditorModules">
      <UniqueIdentifier>{a5877292-0fee-47bb-8cff-e466c22483d8}</UniqueIdentifier>
    </Filter>
    <Filter Include="Utilities">
      <UniqueIdentifier>{6e8fe37a-13a7-47f3-90b3-92f2851679bd}</UniqueIdentifier>
    </Filter>
  </ItemGroup>
  <ItemGroup>
    <ClCompile Include="Transform.cpp">
      <Filter>Archivos de origen</Filter>
    </ClCompile>
    <ClCompile Include="main.cpp">
      <Filter>Main</Filter>
    </ClCompile>
    <ClCompile Include="App.cpp">
      <Filter>Main</Filter>
    </ClCompile>
    <ClCompile Include="Input.cpp">
      <Filter>EditorModules</Filter>
    </ClCompile>
    <ClCompile Include="MyGUI.cpp">
      <Filter>EditorModules</Filter>
    </ClCompile>
    <ClCompile Include="MyWindow.cpp">
      <Filter>EditorModules</Filter>
    </ClCompile>
    <ClCompile Include="Log.cpp">
      <Filter>Utilities</Filter>
    </ClCompile>
    <ClCompile Include="Root.cpp">
      <Filter>EditorModules</Filter>
    </ClCompile>
    <ClCompile Include="HardwareSettings.cpp">
      <Filter>EditorModules</Filter>
    </ClCompile>
    <ClCompile Include="UIElement.cpp">
      <Filter>EditorModules</Filter>
    </ClCompile>
    <ClCompile Include="UIConsole.cpp">
      <Filter>EditorModules</Filter>
    </ClCompile>
    <ClCompile Include="UISettings.cpp">
      <Filter>EditorModules</Filter>
    </ClCompile>
    <ClCompile Include="UIMainMenuBar.cpp">
      <Filter>EditorModules</Filter>
    </ClCompile>
    <ClCompile Include="UIInspector.cpp">
      <Filter>EditorModules</Filter>
    </ClCompile>
    <ClCompile Include="Camera.cpp">
      <Filter>EditorModules</Filter>
    </ClCompile>
    <ClCompile Include="UIHierarchy.cpp">
      <Filter>EditorModules</Filter>
    </ClCompile>
    <ClCompile Include="UISceneWindow.cpp">
      <Filter>EditorModules</Filter>
    </ClCompile>
  </ItemGroup>
  <ItemGroup>
    <ClInclude Include="Transform.h">
      <Filter>Archivos de encabezado</Filter>
    </ClInclude>
    <ClInclude Include="App.h">
      <Filter>Main</Filter>
    </ClInclude>
    <ClInclude Include="Input.h">
      <Filter>EditorModules</Filter>
    </ClInclude>
    <ClInclude Include="Module.h">
      <Filter>EditorModules</Filter>
    </ClInclude>
    <ClInclude Include="MyWindow.h">
      <Filter>EditorModules</Filter>
    </ClInclude>
    <ClInclude Include="MyGUI.h">
      <Filter>EditorModules</Filter>
    </ClInclude>
    <ClInclude Include="Camera.h">
      <Filter>EditorModules</Filter>
    </ClInclude>
    <ClInclude Include="Log.h">
      <Filter>Utilities</Filter>
    </ClInclude>
    <ClInclude Include="Root.h">
      <Filter>EditorModules</Filter>
    </ClInclude>
    <ClInclude Include="HardwareSettings.h">
      <Filter>EditorModules</Filter>
    </ClInclude>
    <ClInclude Include="UIElement.h">
      <Filter>EditorModules</Filter>
    </ClInclude>
    <ClInclude Include="UIConsole.h">
      <Filter>EditorModules</Filter>
    </ClInclude>
    <ClInclude Include="UISettings.h">
      <Filter>EditorModules</Filter>
    </ClInclude>
    <ClInclude Include="UIMainMenuBar.h">
      <Filter>EditorModules</Filter>
    </ClInclude>
    <ClInclude Include="UIInspector.h">
      <Filter>EditorModules</Filter>
    </ClInclude>
    <ClInclude Include="UIHierarchy.h">
      <Filter>EditorModules</Filter>
    </ClInclude>
    <ClInclude Include="UISceneWindow.h">
      <Filter>EditorModules</Filter>
    </ClInclude>
  </ItemGroup>
</Project>